
Microsoft Visual Studio Solution File, Format Version 12.00
# Visual Studio Version 17
VisualStudioVersion = 17.5.002.0
MinimumVisualStudioVersion = 10.0.40219.1
Project("{9A19103F-16F7-4668-BE54-9A1E7A4F7556}") = "Inheritance", "Inheritance\Inheritance.csproj", "{A99B559A-97D7-4A1C-9A13-4EC68E46C13D}"
EndProject
Project("{9A19103F-16F7-4668-BE54-9A1E7A4F7556}") = "IO", "IO\IO.csproj", "{1B353331-70A4-4E85-81B0-F65B1E45C8A0}"
EndProject
Project("{2150E333-8FDC-42A3-9474-1A3956D46DE8}") = "CreateProject", "CreateProject", "{83D4F4AC-52E1-4EAC-A51F-ABA84A594BAD}"
EndProject
Project("{9A19103F-16F7-4668-BE54-9A1E7A4F7556}") = "class", "CreateProject\Class\class.csproj", "{47C618A0-15E3-40E4-8673-E12F4BB5B527}"
EndProject
Global
	GlobalSection(SolutionConfigurationPlatforms) = preSolution
		Debug|Any CPU = Debug|Any CPU
		Release|Any CPU = Release|Any CPU
	EndGlobalSection
	GlobalSection(ProjectConfigurationPlatforms) = postSolution
		{A99B559A-97D7-4A1C-9A13-4EC68E46C13D}.Debug|Any CPU.ActiveCfg = Debug|Any CPU
		{A99B559A-97D7-4A1C-9A13-4EC68E46C13D}.Debug|Any CPU.Build.0 = Debug|Any CPU
		{A99B559A-97D7-4A1C-9A13-4EC68E46C13D}.Release|Any CPU.ActiveCfg = Release|Any CPU
		{A99B559A-97D7-4A1C-9A13-4EC68E46C13D}.Release|Any CPU.Build.0 = Release|Any CPU
		{1B353331-70A4-4E85-81B0-F65B1E45C8A0}.Debug|Any CPU.ActiveCfg = Debug|Any CPU
		{1B353331-70A4-4E85-81B0-F65B1E45C8A0}.Debug|Any CPU.Build.0 = Debug|Any CPU
		{1B353331-70A4-4E85-81B0-F65B1E45C8A0}.Release|Any CPU.ActiveCfg = Release|Any CPU
		{1B353331-70A4-4E85-81B0-F65B1E45C8A0}.Release|Any CPU.Build.0 = Release|Any CPU
		{47C618A0-15E3-40E4-8673-E12F4BB5B527}.Debug|Any CPU.ActiveCfg = Debug|Any CPU
		{47C618A0-15E3-40E4-8673-E12F4BB5B527}.Debug|Any CPU.Build.0 = Debug|Any CPU
		{47C618A0-15E3-40E4-8673-E12F4BB5B527}.Release|Any CPU.ActiveCfg = Release|Any CPU
		{47C618A0-15E3-40E4-8673-E12F4BB5B527}.Release|Any CPU.Build.0 = Release|Any CPU
	EndGlobalSection
	GlobalSection(SolutionProperties) = preSolution
		HideSolutionNode = FALSE
	EndGlobalSection
	GlobalSection(NestedProjects) = preSolution
		{47C618A0-15E3-40E4-8673-E12F4BB5B527} = {83D4F4AC-52E1-4EAC-A51F-ABA84A594BAD}
	EndGlobalSection
	GlobalSection(ExtensibilityGlobals) = postSolution
		SolutionGuid = {C1896C08-EF6F-48DE-AB20-A08117862545}
	EndGlobalSection
EndGlobal
